// !$*UTF8*$!
{
	archiveVersion = 1;
	classes = {
	};
	objectVersion = 51;
	objects = {

/* Begin PBXBuildFile section */
		18493C30245BC77000690E92 /* AppDelegate.m in Sources */ = {isa = PBXBuildFile; fileRef = 18493C2F245BC77000690E92 /* AppDelegate.m */; };
		18493C39245BC77000690E92 /* Main.storyboard in Resources */ = {isa = PBXBuildFile; fileRef = 18493C37245BC77000690E92 /* Main.storyboard */; };
		18493C3B245BC77400690E92 /* Assets.xcassets in Resources */ = {isa = PBXBuildFile; fileRef = 18493C3A245BC77400690E92 /* Assets.xcassets */; };
		18493C3E245BC77400690E92 /* LaunchScreen.storyboard in Resources */ = {isa = PBXBuildFile; fileRef = 18493C3C245BC77400690E92 /* LaunchScreen.storyboard */; };
		18493C41245BC77400690E92 /* main.m in Sources */ = {isa = PBXBuildFile; fileRef = 18493C40245BC77400690E92 /* main.m */; };
		18493C4B245BC77400690E92 /* SoundValleyTests.m in Sources */ = {isa = PBXBuildFile; fileRef = 18493C4A245BC77400690E92 /* SoundValleyTests.m */; };
		18493C56245BC77400690E92 /* SoundValleyUITests.m in Sources */ = {isa = PBXBuildFile; fileRef = 18493C55245BC77400690E92 /* SoundValleyUITests.m */; };
		18493C68245BCB2900690E92 /* BaseViewController.m in Sources */ = {isa = PBXBuildFile; fileRef = 18493C67245BCB2900690E92 /* BaseViewController.m */; };
		18493C72245BDC3400690E92 /* SVViewController.m in Sources */ = {isa = PBXBuildFile; fileRef = 18493C6F245BDC3400690E92 /* SVViewController.m */; };
		18493C75245D201700690E92 /* animation.bundle in Resources */ = {isa = PBXBuildFile; fileRef = 18493C74245D201700690E92 /* animation.bundle */; };
		18493C7A245D983500690E92 /* TimerView.m in Sources */ = {isa = PBXBuildFile; fileRef = 18493C79245D983400690E92 /* TimerView.m */; };
		18493C7D245DB82700690E92 /* SceneListViewController.m in Sources */ = {isa = PBXBuildFile; fileRef = 18493C7C245DB82700690E92 /* SceneListViewController.m */; };
		18493C80245E897500690E92 /* SceneListCollectionViewCell.m in Sources */ = {isa = PBXBuildFile; fileRef = 18493C7F245E897500690E92 /* SceneListCollectionViewCell.m */; };
		18493C83245EAA3E00690E92 /* PersonCenterViewController.m in Sources */ = {isa = PBXBuildFile; fileRef = 18493C82245EAA3E00690E92 /* PersonCenterViewController.m */; };
		18493C86245EAFF900690E92 /* PersonerTableViewCell.m in Sources */ = {isa = PBXBuildFile; fileRef = 18493C85245EAFF900690E92 /* PersonerTableViewCell.m */; };
		18493C89245EC0A500690E92 /* ShareViewController.m in Sources */ = {isa = PBXBuildFile; fileRef = 18493C88245EC0A500690E92 /* ShareViewController.m */; };
		18493C8B2460710900690E92 /* voice.bundle in Resources */ = {isa = PBXBuildFile; fileRef = 18493C8A2460710900690E92 /* voice.bundle */; };
		1849F8E224702C9C00BCB5D4 /* SingleTimer.m in Sources */ = {isa = PBXBuildFile; fileRef = 1849F8E124702C9C00BCB5D4 /* SingleTimer.m */; };
		1849F8E524710D8100BCB5D4 /* WebViewViewController.m in Sources */ = {isa = PBXBuildFile; fileRef = 1849F8E324710D8100BCB5D4 /* WebViewViewController.m */; };
		185822B12467B80500974FA4 /* ZJSwitch.m in Sources */ = {isa = PBXBuildFile; fileRef = 185822B02467B80500974FA4 /* ZJSwitch.m */; };
		185822B42467D66B00974FA4 /* InitData.m in Sources */ = {isa = PBXBuildFile; fileRef = 185822B32467D66B00974FA4 /* InitData.m */; };
		185822BE2467F13900974FA4 /* UIImage+ZFFilter.m in Sources */ = {isa = PBXBuildFile; fileRef = 185822BD2467F13900974FA4 /* UIImage+ZFFilter.m */; };
		185822C424695CFF00974FA4 /* WZSwitch.m in Sources */ = {isa = PBXBuildFile; fileRef = 185822C224695CFF00974FA4 /* WZSwitch.m */; };
		185822CB246A74FC00974FA4 /* SVNetWork.m in Sources */ = {isa = PBXBuildFile; fileRef = 185822CA246A74FC00974FA4 /* SVNetWork.m */; };
		185822CE246A782F00974FA4 /* SVNetWorkManager.m in Sources */ = {isa = PBXBuildFile; fileRef = 185822CD246A782F00974FA4 /* SVNetWorkManager.m */; };
		185822D1246B8A1D00974FA4 /* SVHomeViewController.m in Sources */ = {isa = PBXBuildFile; fileRef = 185822D0246B8A1D00974FA4 /* SVHomeViewController.m */; };
		185822D7246CDF7B00974FA4 /* PQ_TimerManager.m in Sources */ = {isa = PBXBuildFile; fileRef = 185822D6246CDF7B00974FA4 /* PQ_TimerManager.m */; };
		185822DA246CF03400974FA4 /* SVPlayerManager.m in Sources */ = {isa = PBXBuildFile; fileRef = 185822D9246CF03400974FA4 /* SVPlayerManager.m */; };
		185822DD246CF64B00974FA4 /* Track.m in Sources */ = {isa = PBXBuildFile; fileRef = 185822DC246CF64B00974FA4 /* Track.m */; };
		185822E0246E612000974FA4 /* PrivacyView.m in Sources */ = {isa = PBXBuildFile; fileRef = 185822DF246E612000974FA4 /* PrivacyView.m */; };
		189E8480246071D900D1A332 /* KJBannerView.m in Sources */ = {isa = PBXBuildFile; fileRef = 189E8472246071D900D1A332 /* KJBannerView.m */; };
		189E8481246071D900D1A332 /* KJLoadImageView.m in Sources */ = {isa = PBXBuildFile; fileRef = 189E8473246071D900D1A332 /* KJLoadImageView.m */; };
		189E8482246071D900D1A332 /* KJPageControl.m in Sources */ = {isa = PBXBuildFile; fileRef = 189E8475246071D900D1A332 /* KJPageControl.m */; };
		189E8483246071D900D1A332 /* KJBannerTool.m in Sources */ = {isa = PBXBuildFile; fileRef = 189E8476246071D900D1A332 /* KJBannerTool.m */; };
		189E8484246071D900D1A332 /* KJBannerViewFlowLayout.m in Sources */ = {isa = PBXBuildFile; fileRef = 189E8477246071D900D1A332 /* KJBannerViewFlowLayout.m */; };
		189E8485246071D900D1A332 /* KJBannerViewCell.m in Sources */ = {isa = PBXBuildFile; fileRef = 189E847A246071D900D1A332 /* KJBannerViewCell.m */; };
		189E8486246071D900D1A332 /* KJBannerView.bundle in Resources */ = {isa = PBXBuildFile; fileRef = 189E847C246071D900D1A332 /* KJBannerView.bundle */; };
		189E8487246071D900D1A332 /* LICENSE in Resources */ = {isa = PBXBuildFile; fileRef = 189E847E246071D900D1A332 /* LICENSE */; };
		189E8488246071D900D1A332 /* README.md in Resources */ = {isa = PBXBuildFile; fileRef = 189E847F246071D900D1A332 /* README.md */; };
		189E848B246076D600D1A332 /* SaveView.m in Sources */ = {isa = PBXBuildFile; fileRef = 189E848A246076D600D1A332 /* SaveView.m */; };
		189E848E24619D9700D1A332 /* AudioPlayerTool.m in Sources */ = {isa = PBXBuildFile; fileRef = 189E848D24619D9700D1A332 /* AudioPlayerTool.m */; };
		189E84912463FD0800D1A332 /* Tools.m in Sources */ = {isa = PBXBuildFile; fileRef = 189E84902463FD0800D1A332 /* Tools.m */; };
		18E0C9D32474C2AA00DD6E62 /* GuideView.m in Sources */ = {isa = PBXBuildFile; fileRef = 18E0C9D22474C2AA00DD6E62 /* GuideView.m */; };
		760BAF1F840D6F75A6980B4C /* libPods-SoundValleyTests.a in Frameworks */ = {isa = PBXBuildFile; fileRef = 211F2E2E3E6D00C9B3345081 /* libPods-SoundValleyTests.a */; };
		B218A278D9C93399C20A7F5C /* libPods-SoundValleyUITests.a in Frameworks */ = {isa = PBXBuildFile; fileRef = B0164AFA36DA48F50D23F9B3 /* libPods-SoundValleyUITests.a */; };
		D39F24B8DA60D09B0B6FD75D /* libPods-SoundValley.a in Frameworks */ = {isa = PBXBuildFile; fileRef = 6E6418B1FB30C8EFD6DA7E9C /* libPods-SoundValley.a */; };
/* End PBXBuildFile section */

/* Begin PBXContainerItemProxy section */
		18493C47245BC77400690E92 /* PBXContainerItemProxy */ = {
			isa = PBXContainerItemProxy;
			containerPortal = 18493C23245BC77000690E92 /* Project object */;
			proxyType = 1;
			remoteGlobalIDString = 18493C2A245BC77000690E92;
			remoteInfo = SoundValley;
		};
		18493C52245BC77400690E92 /* PBXContainerItemProxy */ = {
			isa = PBXContainerItemProxy;
			containerPortal = 18493C23245BC77000690E92 /* Project object */;
			proxyType = 1;
			remoteGlobalIDString = 18493C2A245BC77000690E92;
			remoteInfo = SoundValley;
		};
/* End PBXContainerItemProxy section */

/* Begin PBXFileReference section */
		18493C2B245BC77000690E92 /* SoundValley.app */ = {isa = PBXFileReference; explicitFileType = wrapper.application; includeInIndex = 0; path = SoundValley.app; sourceTree = BUILT_PRODUCTS_DIR; };
		18493C2E245BC77000690E92 /* AppDelegate.h */ = {isa = PBXFileReference; lastKnownFileType = sourcecode.c.h; path = AppDelegate.h; sourceTree = "<group>"; };
		18493C2F245BC77000690E92 /* AppDelegate.m */ = {isa = PBXFileReference; lastKnownFileType = sourcecode.c.objc; path = AppDelegate.m; sourceTree = "<group>"; };
		18493C38245BC77000690E92 /* Base */ = {isa = PBXFileReference; lastKnownFileType = file.storyboard; name = Base; path = Base.lproj/Main.storyboard; sourceTree = "<group>"; };
		18493C3A245BC77400690E92 /* Assets.xcassets */ = {isa = PBXFileReference; lastKnownFileType = folder.assetcatalog; path = Assets.xcassets; sourceTree = "<group>"; };
		18493C3D245BC77400690E92 /* Base */ = {isa = PBXFileReference; lastKnownFileType = file.storyboard; name = Base; path = Base.lproj/LaunchScreen.storyboard; sourceTree = "<group>"; };
		18493C3F245BC77400690E92 /* Info.plist */ = {isa = PBXFileReference; lastKnownFileType = text.plist.xml; path = Info.plist; sourceTree = "<group>"; };
		18493C40245BC77400690E92 /* main.m */ = {isa = PBXFileReference; lastKnownFileType = sourcecode.c.objc; path = main.m; sourceTree = "<group>"; };
		18493C46245BC77400690E92 /* SoundValleyTests.xctest */ = {isa = PBXFileReference; explicitFileType = wrapper.cfbundle; includeInIndex = 0; path = SoundValleyTests.xctest; sourceTree = BUILT_PRODUCTS_DIR; };
		18493C4A245BC77400690E92 /* SoundValleyTests.m */ = {isa = PBXFileReference; lastKnownFileType = sourcecode.c.objc; path = SoundValleyTests.m; sourceTree = "<group>"; };
		18493C4C245BC77400690E92 /* Info.plist */ = {isa = PBXFileReference; lastKnownFileType = text.plist.xml; path = Info.plist; sourceTree = "<group>"; };
		18493C51245BC77400690E92 /* SoundValleyUITests.xctest */ = {isa = PBXFileReference; explicitFileType = wrapper.cfbundle; includeInIndex = 0; path = SoundValleyUITests.xctest; sourceTree = BUILT_PRODUCTS_DIR; };
		18493C55245BC77400690E92 /* SoundValleyUITests.m */ = {isa = PBXFileReference; lastKnownFileType = sourcecode.c.objc; path = SoundValleyUITests.m; sourceTree = "<group>"; };
		18493C57245BC77400690E92 /* Info.plist */ = {isa = PBXFileReference; lastKnownFileType = text.plist.xml; path = Info.plist; sourceTree = "<group>"; };
		18493C66245BCB2900690E92 /* BaseViewController.h */ = {isa = PBXFileReference; lastKnownFileType = sourcecode.c.h; path = BaseViewController.h; sourceTree = "<group>"; };
		18493C67245BCB2900690E92 /* BaseViewController.m */ = {isa = PBXFileReference; lastKnownFileType = sourcecode.c.objc; path = BaseViewController.m; sourceTree = "<group>"; };
		18493C6C245BD91400690E92 /* PrefixHeader.pch */ = {isa = PBXFileReference; lastKnownFileType = sourcecode.c.h; path = PrefixHeader.pch; sourceTree = "<group>"; };
		18493C6E245BDC3400690E92 /* SVViewController.h */ = {isa = PBXFileReference; fileEncoding = 4; lastKnownFileType = sourcecode.c.h; path = SVViewController.h; sourceTree = "<group>"; };
		18493C6F245BDC3400690E92 /* SVViewController.m */ = {isa = PBXFileReference; fileEncoding = 4; lastKnownFileType = sourcecode.c.objc; path = SVViewController.m; sourceTree = "<group>"; };
		18493C74245D201700690E92 /* animation.bundle */ = {isa = PBXFileReference; lastKnownFileType = "wrapper.plug-in"; path = animation.bundle; sourceTree = "<group>"; };
		18493C77245D8C2100690E92 /* LSMacros.h */ = {isa = PBXFileReference; fileEncoding = 4; lastKnownFileType = sourcecode.c.h; path = LSMacros.h; sourceTree = "<group>"; };
		18493C78245D983400690E92 /* TimerView.h */ = {isa = PBXFileReference; lastKnownFileType = sourcecode.c.h; path = TimerView.h; sourceTree = "<group>"; };
		18493C79245D983400690E92 /* TimerView.m */ = {isa = PBXFileReference; lastKnownFileType = sourcecode.c.objc; path = TimerView.m; sourceTree = "<group>"; };
		18493C7B245DB82700690E92 /* SceneListViewController.h */ = {isa = PBXFileReference; lastKnownFileType = sourcecode.c.h; path = SceneListViewController.h; sourceTree = "<group>"; };
		18493C7C245DB82700690E92 /* SceneListViewController.m */ = {isa = PBXFileReference; lastKnownFileType = sourcecode.c.objc; path = SceneListViewController.m; sourceTree = "<group>"; };
		18493C7E245E897500690E92 /* SceneListCollectionViewCell.h */ = {isa = PBXFileReference; lastKnownFileType = sourcecode.c.h; path = SceneListCollectionViewCell.h; sourceTree = "<group>"; };
		18493C7F245E897500690E92 /* SceneListCollectionViewCell.m */ = {isa = PBXFileReference; lastKnownFileType = sourcecode.c.objc; path = SceneListCollectionViewCell.m; sourceTree = "<group>"; };
		18493C81245EAA3E00690E92 /* PersonCenterViewController.h */ = {isa = PBXFileReference; lastKnownFileType = sourcecode.c.h; path = PersonCenterViewController.h; sourceTree = "<group>"; };
		18493C82245EAA3E00690E92 /* PersonCenterViewController.m */ = {isa = PBXFileReference; lastKnownFileType = sourcecode.c.objc; path = PersonCenterViewController.m; sourceTree = "<group>"; };
		18493C84245EAFF900690E92 /* PersonerTableViewCell.h */ = {isa = PBXFileReference; lastKnownFileType = sourcecode.c.h; path = PersonerTableViewCell.h; sourceTree = "<group>"; };
		18493C85245EAFF900690E92 /* PersonerTableViewCell.m */ = {isa = PBXFileReference; lastKnownFileType = sourcecode.c.objc; path = PersonerTableViewCell.m; sourceTree = "<group>"; };
		18493C87245EC0A500690E92 /* ShareViewController.h */ = {isa = PBXFileReference; lastKnownFileType = sourcecode.c.h; path = ShareViewController.h; sourceTree = "<group>"; };
		18493C88245EC0A500690E92 /* ShareViewController.m */ = {isa = PBXFileReference; lastKnownFileType = sourcecode.c.objc; path = ShareViewController.m; sourceTree = "<group>"; };
		18493C8A2460710900690E92 /* voice.bundle */ = {isa = PBXFileReference; lastKnownFileType = "wrapper.plug-in"; path = voice.bundle; sourceTree = "<group>"; };
		1849F8E024702C9C00BCB5D4 /* SingleTimer.h */ = {isa = PBXFileReference; lastKnownFileType = sourcecode.c.h; path = SingleTimer.h; sourceTree = "<group>"; };
		1849F8E124702C9C00BCB5D4 /* SingleTimer.m */ = {isa = PBXFileReference; lastKnownFileType = sourcecode.c.objc; path = SingleTimer.m; sourceTree = "<group>"; };
		1849F8E324710D8100BCB5D4 /* WebViewViewController.m */ = {isa = PBXFileReference; fileEncoding = 4; lastKnownFileType = sourcecode.c.objc; path = WebViewViewController.m; sourceTree = "<group>"; };
		1849F8E424710D8100BCB5D4 /* WebViewViewController.h */ = {isa = PBXFileReference; fileEncoding = 4; lastKnownFileType = sourcecode.c.h; path = WebViewViewController.h; sourceTree = "<group>"; };
		185822AF2467B80500974FA4 /* ZJSwitch.h */ = {isa = PBXFileReference; fileEncoding = 4; lastKnownFileType = sourcecode.c.h; path = ZJSwitch.h; sourceTree = "<group>"; };
		185822B02467B80500974FA4 /* ZJSwitch.m */ = {isa = PBXFileReference; fileEncoding = 4; lastKnownFileType = sourcecode.c.objc; path = ZJSwitch.m; sourceTree = "<group>"; };
		185822B22467D66B00974FA4 /* InitData.h */ = {isa = PBXFileReference; lastKnownFileType = sourcecode.c.h; path = InitData.h; sourceTree = "<group>"; };
		185822B32467D66B00974FA4 /* InitData.m */ = {isa = PBXFileReference; lastKnownFileType = sourcecode.c.objc; path = InitData.m; sourceTree = "<group>"; };
		185822BC2467F13900974FA4 /* UIImage+ZFFilter.h */ = {isa = PBXFileReference; lastKnownFileType = sourcecode.c.h; path = "UIImage+ZFFilter.h"; sourceTree = "<group>"; };
		185822BD2467F13900974FA4 /* UIImage+ZFFilter.m */ = {isa = PBXFileReference; lastKnownFileType = sourcecode.c.objc; path = "UIImage+ZFFilter.m"; sourceTree = "<group>"; };
		185822C224695CFF00974FA4 /* WZSwitch.m */ = {isa = PBXFileReference; fileEncoding = 4; lastKnownFileType = sourcecode.c.objc; path = WZSwitch.m; sourceTree = "<group>"; };
		185822C324695CFF00974FA4 /* WZSwitch.h */ = {isa = PBXFileReference; fileEncoding = 4; lastKnownFileType = sourcecode.c.h; path = WZSwitch.h; sourceTree = "<group>"; };
		185822C9246A74FC00974FA4 /* SVNetWork.h */ = {isa = PBXFileReference; lastKnownFileType = sourcecode.c.h; path = SVNetWork.h; sourceTree = "<group>"; };
		185822CA246A74FC00974FA4 /* SVNetWork.m */ = {isa = PBXFileReference; lastKnownFileType = sourcecode.c.objc; path = SVNetWork.m; sourceTree = "<group>"; };
		185822CC246A782F00974FA4 /* SVNetWorkManager.h */ = {isa = PBXFileReference; lastKnownFileType = sourcecode.c.h; path = SVNetWorkManager.h; sourceTree = "<group>"; };
		185822CD246A782F00974FA4 /* SVNetWorkManager.m */ = {isa = PBXFileReference; lastKnownFileType = sourcecode.c.objc; path = SVNetWorkManager.m; sourceTree = "<group>"; };
		185822CF246B8A1D00974FA4 /* SVHomeViewController.h */ = {isa = PBXFileReference; lastKnownFileType = sourcecode.c.h; path = SVHomeViewController.h; sourceTree = "<group>"; };
		185822D0246B8A1D00974FA4 /* SVHomeViewController.m */ = {isa = PBXFileReference; lastKnownFileType = sourcecode.c.objc; path = SVHomeViewController.m; sourceTree = "<group>"; };
		185822D5246CDF7B00974FA4 /* PQ_TimerManager.h */ = {isa = PBXFileReference; fileEncoding = 4; lastKnownFileType = sourcecode.c.h; path = PQ_TimerManager.h; sourceTree = "<group>"; };
		185822D6246CDF7B00974FA4 /* PQ_TimerManager.m */ = {isa = PBXFileReference; fileEncoding = 4; lastKnownFileType = sourcecode.c.objc; path = PQ_TimerManager.m; sourceTree = "<group>"; };
		185822D8246CF03400974FA4 /* SVPlayerManager.h */ = {isa = PBXFileReference; lastKnownFileType = sourcecode.c.h; path = SVPlayerManager.h; sourceTree = "<group>"; };
		185822D9246CF03400974FA4 /* SVPlayerManager.m */ = {isa = PBXFileReference; lastKnownFileType = sourcecode.c.objc; path = SVPlayerManager.m; sourceTree = "<group>"; };
		185822DB246CF64B00974FA4 /* Track.h */ = {isa = PBXFileReference; lastKnownFileType = sourcecode.c.h; path = Track.h; sourceTree = "<group>"; };
		185822DC246CF64B00974FA4 /* Track.m */ = {isa = PBXFileReference; lastKnownFileType = sourcecode.c.objc; path = Track.m; sourceTree = "<group>"; };
		185822DE246E612000974FA4 /* PrivacyView.h */ = {isa = PBXFileReference; lastKnownFileType = sourcecode.c.h; path = PrivacyView.h; sourceTree = "<group>"; };
		185822DF246E612000974FA4 /* PrivacyView.m */ = {isa = PBXFileReference; lastKnownFileType = sourcecode.c.objc; path = PrivacyView.m; sourceTree = "<group>"; };
		189E8470246071D900D1A332 /* KJBannerTool.h */ = {isa = PBXFileReference; fileEncoding = 4; lastKnownFileType = sourcecode.c.h; path = KJBannerTool.h; sourceTree = "<group>"; };
		189E8471246071D900D1A332 /* KJBannerViewCell.h */ = {isa = PBXFileReference; fileEncoding = 4; lastKnownFileType = sourcecode.c.h; path = KJBannerViewCell.h; sourceTree = "<group>"; };
		189E8472246071D900D1A332 /* KJBannerView.m */ = {isa = PBXFileReference; fileEncoding = 4; lastKnownFileType = sourcecode.c.objc; path = KJBannerView.m; sourceTree = "<group>"; };
		189E8473246071D900D1A332 /* KJLoadImageView.m */ = {isa = PBXFileReference; fileEncoding = 4; lastKnownFileType = sourcecode.c.objc; path = KJLoadImageView.m; sourceTree = "<group>"; };
		189E8474246071D900D1A332 /* KJBannerViewFlowLayout.h */ = {isa = PBXFileReference; fileEncoding = 4; lastKnownFileType = sourcecode.c.h; path = KJBannerViewFlowLayout.h; sourceTree = "<group>"; };
		189E8475246071D900D1A332 /* KJPageControl.m */ = {isa = PBXFileReference; fileEncoding = 4; lastKnownFileType = sourcecode.c.objc; path = KJPageControl.m; sourceTree = "<group>"; };
		189E8476246071D900D1A332 /* KJBannerTool.m */ = {isa = PBXFileReference; fileEncoding = 4; lastKnownFileType = sourcecode.c.objc; path = KJBannerTool.m; sourceTree = "<group>"; };
		189E8477246071D900D1A332 /* KJBannerViewFlowLayout.m */ = {isa = PBXFileReference; fileEncoding = 4; lastKnownFileType = sourcecode.c.objc; path = KJBannerViewFlowLayout.m; sourceTree = "<group>"; };
		189E8478246071D900D1A332 /* KJLoadImageView.h */ = {isa = PBXFileReference; fileEncoding = 4; lastKnownFileType = sourcecode.c.h; path = KJLoadImageView.h; sourceTree = "<group>"; };
		189E8479246071D900D1A332 /* KJBannerView.h */ = {isa = PBXFileReference; fileEncoding = 4; lastKnownFileType = sourcecode.c.h; path = KJBannerView.h; sourceTree = "<group>"; };
		189E847A246071D900D1A332 /* KJBannerViewCell.m */ = {isa = PBXFileReference; fileEncoding = 4; lastKnownFileType = sourcecode.c.objc; path = KJBannerViewCell.m; sourceTree = "<group>"; };
		189E847B246071D900D1A332 /* KJPageControl.h */ = {isa = PBXFileReference; fileEncoding = 4; lastKnownFileType = sourcecode.c.h; path = KJPageControl.h; sourceTree = "<group>"; };
		189E847C246071D900D1A332 /* KJBannerView.bundle */ = {isa = PBXFileReference; lastKnownFileType = "wrapper.plug-in"; path = KJBannerView.bundle; sourceTree = "<group>"; };
		189E847D246071D900D1A332 /* KJBannerHeader.h */ = {isa = PBXFileReference; fileEncoding = 4; lastKnownFileType = sourcecode.c.h; path = KJBannerHeader.h; sourceTree = "<group>"; };
		189E847E246071D900D1A332 /* LICENSE */ = {isa = PBXFileReference; fileEncoding = 4; lastKnownFileType = text; path = LICENSE; sourceTree = "<group>"; };
		189E847F246071D900D1A332 /* README.md */ = {isa = PBXFileReference; fileEncoding = 4; lastKnownFileType = net.daringfireball.markdown; path = README.md; sourceTree = "<group>"; };
		189E8489246076D600D1A332 /* SaveView.h */ = {isa = PBXFileReference; lastKnownFileType = sourcecode.c.h; path = SaveView.h; sourceTree = "<group>"; };
		189E848A246076D600D1A332 /* SaveView.m */ = {isa = PBXFileReference; lastKnownFileType = sourcecode.c.objc; path = SaveView.m; sourceTree = "<group>"; };
		189E848C24619D9700D1A332 /* AudioPlayerTool.h */ = {isa = PBXFileReference; fileEncoding = 4; lastKnownFileType = sourcecode.c.h; path = AudioPlayerTool.h; sourceTree = "<group>"; };
		189E848D24619D9700D1A332 /* AudioPlayerTool.m */ = {isa = PBXFileReference; fileEncoding = 4; lastKnownFileType = sourcecode.c.objc; path = AudioPlayerTool.m; sourceTree = "<group>"; };
		189E848F2463FD0800D1A332 /* Tools.h */ = {isa = PBXFileReference; lastKnownFileType = sourcecode.c.h; path = Tools.h; sourceTree = "<group>"; };
		189E84902463FD0800D1A332 /* Tools.m */ = {isa = PBXFileReference; lastKnownFileType = sourcecode.c.objc; path = Tools.m; sourceTree = "<group>"; };
		18E0C9D12474C2AA00DD6E62 /* GuideView.h */ = {isa = PBXFileReference; lastKnownFileType = sourcecode.c.h; path = GuideView.h; sourceTree = "<group>"; };
		18E0C9D22474C2AA00DD6E62 /* GuideView.m */ = {isa = PBXFileReference; lastKnownFileType = sourcecode.c.objc; path = GuideView.m; sourceTree = "<group>"; };
		211F2E2E3E6D00C9B3345081 /* libPods-SoundValleyTests.a */ = {isa = PBXFileReference; explicitFileType = archive.ar; includeInIndex = 0; path = "libPods-SoundValleyTests.a"; sourceTree = BUILT_PRODUCTS_DIR; };
		2B8D859C696351644D74ED5F /* Pods-SoundValleyUITests.debug.xcconfig */ = {isa = PBXFileReference; includeInIndex = 1; lastKnownFileType = text.xcconfig; name = "Pods-SoundValleyUITests.debug.xcconfig"; path = "Target Support Files/Pods-SoundValleyUITests/Pods-SoundValleyUITests.debug.xcconfig"; sourceTree = "<group>"; };
		443FC2D3FCCC686AD486D7B8 /* Pods-SoundValley.debug.xcconfig */ = {isa = PBXFileReference; includeInIndex = 1; lastKnownFileType = text.xcconfig; name = "Pods-SoundValley.debug.xcconfig"; path = "Target Support Files/Pods-SoundValley/Pods-SoundValley.debug.xcconfig"; sourceTree = "<group>"; };
		6E6418B1FB30C8EFD6DA7E9C /* libPods-SoundValley.a */ = {isa = PBXFileReference; explicitFileType = archive.ar; includeInIndex = 0; path = "libPods-SoundValley.a"; sourceTree = BUILT_PRODUCTS_DIR; };
		7015B0EFBFDC08ECDE909BDC /* Pods-SoundValley.release.xcconfig */ = {isa = PBXFileReference; includeInIndex = 1; lastKnownFileType = text.xcconfig; name = "Pods-SoundValley.release.xcconfig"; path = "Target Support Files/Pods-SoundValley/Pods-SoundValley.release.xcconfig"; sourceTree = "<group>"; };
		92B983165F1E04522EEE0B13 /* Pods-SoundValleyTests.release.xcconfig */ = {isa = PBXFileReference; includeInIndex = 1; lastKnownFileType = text.xcconfig; name = "Pods-SoundValleyTests.release.xcconfig"; path = "Target Support Files/Pods-SoundValleyTests/Pods-SoundValleyTests.release.xcconfig"; sourceTree = "<group>"; };
		B0164AFA36DA48F50D23F9B3 /* libPods-SoundValleyUITests.a */ = {isa = PBXFileReference; explicitFileType = archive.ar; includeInIndex = 0; path = "libPods-SoundValleyUITests.a"; sourceTree = BUILT_PRODUCTS_DIR; };
		CD7E53883E4E1BA191E4E5AE /* Pods-SoundValleyTests.debug.xcconfig */ = {isa = PBXFileReference; includeInIndex = 1; lastKnownFileType = text.xcconfig; name = "Pods-SoundValleyTests.debug.xcconfig"; path = "Target Support Files/Pods-SoundValleyTests/Pods-SoundValleyTests.debug.xcconfig"; sourceTree = "<group>"; };
		DF3FE1EAD30AA31FFAA4A608 /* Pods-SoundValleyUITests.release.xcconfig */ = {isa = PBXFileReference; includeInIndex = 1; lastKnownFileType = text.xcconfig; name = "Pods-SoundValleyUITests.release.xcconfig"; path = "Target Support Files/Pods-SoundValleyUITests/Pods-SoundValleyUITests.release.xcconfig"; sourceTree = "<group>"; };
/* End PBXFileReference section */

/* Begin PBXFrameworksBuildPhase section */
		18493C28245BC77000690E92 /* Frameworks */ = {
			isa = PBXFrameworksBuildPhase;
			buildActionMask = 2147483647;
			files = (
				D39F24B8DA60D09B0B6FD75D /* libPods-SoundValley.a in Frameworks */,
			);
			runOnlyForDeploymentPostprocessing = 0;
		};
		18493C43245BC77400690E92 /* Frameworks */ = {
			isa = PBXFrameworksBuildPhase;
			buildActionMask = 2147483647;
			files = (
				760BAF1F840D6F75A6980B4C /* libPods-SoundValleyTests.a in Frameworks */,
			);
			runOnlyForDeploymentPostprocessing = 0;
		};
		18493C4E245BC77400690E92 /* Frameworks */ = {
			isa = PBXFrameworksBuildPhase;
			buildActionMask = 2147483647;
			files = (
				B218A278D9C93399C20A7F5C /* libPods-SoundValleyUITests.a in Frameworks */,
			);
			runOnlyForDeploymentPostprocessing = 0;
		};
/* End PBXFrameworksBuildPhase section */

/* Begin PBXGroup section */
		18493C22245BC77000690E92 = {
			isa = PBXGroup;
			children = (
				18493C2D245BC77000690E92 /* SoundValley */,
				18493C49245BC77400690E92 /* SoundValleyTests */,
				18493C54245BC77400690E92 /* SoundValleyUITests */,
				18493C2C245BC77000690E92 /* Products */,
				3CB3ED5ACE3D189937EA9E6C /* Pods */,
				5D74B7BA16B9AE3106DCB9DF /* Frameworks */,
			);
			sourceTree = "<group>";
		};
		18493C2C245BC77000690E92 /* Products */ = {
			isa = PBXGroup;
			children = (
				18493C2B245BC77000690E92 /* SoundValley.app */,
				18493C46245BC77400690E92 /* SoundValleyTests.xctest */,
				18493C51245BC77400690E92 /* SoundValleyUITests.xctest */,
			);
			name = Products;
			sourceTree = "<group>";
		};
		18493C2D245BC77000690E92 /* SoundValley */ = {
			isa = PBXGroup;
			children = (
				185822C5246A735400974FA4 /* SVNetWork */,
				185822B52467F03200974FA4 /* Category */,
				189E846C246071D900D1A332 /* ThirdLibrary */,
				18493C76245D8C2100690E92 /* Utils */,
				18493C73245D1FF700690E92 /* Resourse */,
				18493C65245BCB1B00690E92 /* BaseVC */,
				18493C64245BC87D00690E92 /* Classes */,
				18493C2E245BC77000690E92 /* AppDelegate.h */,
				18493C2F245BC77000690E92 /* AppDelegate.m */,
				18493C37245BC77000690E92 /* Main.storyboard */,
				18493C3A245BC77400690E92 /* Assets.xcassets */,
				18493C3C245BC77400690E92 /* LaunchScreen.storyboard */,
				18493C3F245BC77400690E92 /* Info.plist */,
				18493C40245BC77400690E92 /* main.m */,
				18493C6C245BD91400690E92 /* PrefixHeader.pch */,
			);
			path = SoundValley;
			sourceTree = "<group>";
		};
		18493C49245BC77400690E92 /* SoundValleyTests */ = {
			isa = PBXGroup;
			children = (
				18493C4A245BC77400690E92 /* SoundValleyTests.m */,
				18493C4C245BC77400690E92 /* Info.plist */,
			);
			path = SoundValleyTests;
			sourceTree = "<group>";
		};
		18493C54245BC77400690E92 /* SoundValleyUITests */ = {
			isa = PBXGroup;
			children = (
				18493C55245BC77400690E92 /* SoundValleyUITests.m */,
				18493C57245BC77400690E92 /* Info.plist */,
			);
			path = SoundValleyUITests;
			sourceTree = "<group>";
		};
		18493C64245BC87D00690E92 /* Classes */ = {
			isa = PBXGroup;
			children = (
				18493C71245BDC3400690E92 /* Model */,
				18493C70245BDC3400690E92 /* View */,
				18493C6D245BDC3400690E92 /* ViewControllers */,
			);
			path = Classes;
			sourceTree = "<group>";
		};
		18493C65245BCB1B00690E92 /* BaseVC */ = {
			isa = PBXGroup;
			children = (
				18493C66245BCB2900690E92 /* BaseViewController.h */,
				18493C67245BCB2900690E92 /* BaseViewController.m */,
			);
			path = BaseVC;
			sourceTree = "<group>";
		};
		18493C6D245BDC3400690E92 /* ViewControllers */ = {
			isa = PBXGroup;
			children = (
				1849F8E424710D8100BCB5D4 /* WebViewViewController.h */,
				1849F8E324710D8100BCB5D4 /* WebViewViewController.m */,
				18493C6E245BDC3400690E92 /* SVViewController.h */,
				18493C6F245BDC3400690E92 /* SVViewController.m */,
				18493C7B245DB82700690E92 /* SceneListViewController.h */,
				18493C7C245DB82700690E92 /* SceneListViewController.m */,
				18493C81245EAA3E00690E92 /* PersonCenterViewController.h */,
				18493C82245EAA3E00690E92 /* PersonCenterViewController.m */,
				18493C87245EC0A500690E92 /* ShareViewController.h */,
				18493C88245EC0A500690E92 /* ShareViewController.m */,
				185822CF246B8A1D00974FA4 /* SVHomeViewController.h */,
				185822D0246B8A1D00974FA4 /* SVHomeViewController.m */,
			);
			path = ViewControllers;
			sourceTree = "<group>";
		};
		18493C70245BDC3400690E92 /* View */ = {
			isa = PBXGroup;
			children = (
				185822C324695CFF00974FA4 /* WZSwitch.h */,
				185822C224695CFF00974FA4 /* WZSwitch.m */,
				185822AF2467B80500974FA4 /* ZJSwitch.h */,
				185822B02467B80500974FA4 /* ZJSwitch.m */,
				18493C78245D983400690E92 /* TimerView.h */,
				18493C79245D983400690E92 /* TimerView.m */,
				18493C7E245E897500690E92 /* SceneListCollectionViewCell.h */,
				18493C7F245E897500690E92 /* SceneListCollectionViewCell.m */,
				18493C84245EAFF900690E92 /* PersonerTableViewCell.h */,
				18493C85245EAFF900690E92 /* PersonerTableViewCell.m */,
				189E8489246076D600D1A332 /* SaveView.h */,
				189E848A246076D600D1A332 /* SaveView.m */,
				185822DE246E612000974FA4 /* PrivacyView.h */,
				185822DF246E612000974FA4 /* PrivacyView.m */,
				18E0C9D12474C2AA00DD6E62 /* GuideView.h */,
				18E0C9D22474C2AA00DD6E62 /* GuideView.m */,
			);
			path = View;
			sourceTree = "<group>";
		};
		18493C71245BDC3400690E92 /* Model */ = {
			isa = PBXGroup;
			children = (
				185822B22467D66B00974FA4 /* InitData.h */,
				185822B32467D66B00974FA4 /* InitData.m */,
			);
			path = Model;
			sourceTree = "<group>";
		};
		18493C73245D1FF700690E92 /* Resourse */ = {
			isa = PBXGroup;
			children = (
				18493C74245D201700690E92 /* animation.bundle */,
				18493C8A2460710900690E92 /* voice.bundle */,
			);
			path = Resourse;
			sourceTree = "<group>";
		};
		18493C76245D8C2100690E92 /* Utils */ = {
			isa = PBXGroup;
			children = (
				185822D5246CDF7B00974FA4 /* PQ_TimerManager.h */,
				185822D6246CDF7B00974FA4 /* PQ_TimerManager.m */,
				189E848C24619D9700D1A332 /* AudioPlayerTool.h */,
				189E848D24619D9700D1A332 /* AudioPlayerTool.m */,
				18493C77245D8C2100690E92 /* LSMacros.h */,
				189E848F2463FD0800D1A332 /* Tools.h */,
				189E84902463FD0800D1A332 /* Tools.m */,
				185822D8246CF03400974FA4 /* SVPlayerManager.h */,
				185822D9246CF03400974FA4 /* SVPlayerManager.m */,
				185822DB246CF64B00974FA4 /* Track.h */,
				185822DC246CF64B00974FA4 /* Track.m */,
				1849F8E024702C9C00BCB5D4 /* SingleTimer.h */,
				1849F8E124702C9C00BCB5D4 /* SingleTimer.m */,
			);
			path = Utils;
			sourceTree = "<group>";
		};
		185822B52467F03200974FA4 /* Category */ = {
			isa = PBXGroup;
			children = (
				185822BC2467F13900974FA4 /* UIImage+ZFFilter.h */,
				185822BD2467F13900974FA4 /* UIImage+ZFFilter.m */,
			);
			path = Category;
			sourceTree = "<group>";
		};
		185822C5246A735400974FA4 /* SVNetWork */ = {
			isa = PBXGroup;
			children = (
				185822C9246A74FC00974FA4 /* SVNetWork.h */,
				185822CA246A74FC00974FA4 /* SVNetWork.m */,
				185822CC246A782F00974FA4 /* SVNetWorkManager.h */,
				185822CD246A782F00974FA4 /* SVNetWorkManager.m */,
			);
			path = SVNetWork;
			sourceTree = "<group>";
		};
		189E846C246071D900D1A332 /* ThirdLibrary */ = {
			isa = PBXGroup;
			children = (
				189E846D246071D900D1A332 /* KJBannerView */,
			);
			path = ThirdLibrary;
			sourceTree = "<group>";
		};
		189E846D246071D900D1A332 /* KJBannerView */ = {
			isa = PBXGroup;
			children = (
				189E846E246071D900D1A332 /* KJBannerViewDemo */,
				189E847E246071D900D1A332 /* LICENSE */,
				189E847F246071D900D1A332 /* README.md */,
			);
			path = KJBannerView;
			sourceTree = "<group>";
		};
		189E846E246071D900D1A332 /* KJBannerViewDemo */ = {
			isa = PBXGroup;
			children = (
				189E846F246071D900D1A332 /* KJBannerView */,
				189E847D246071D900D1A332 /* KJBannerHeader.h */,
			);
			path = KJBannerViewDemo;
			sourceTree = "<group>";
		};
		189E846F246071D900D1A332 /* KJBannerView */ = {
			isa = PBXGroup;
			children = (
				189E8470246071D900D1A332 /* KJBannerTool.h */,
				189E8472246071D900D1A332 /* KJBannerView.m */,
				189E8471246071D900D1A332 /* KJBannerViewCell.h */,
				189E847A246071D900D1A332 /* KJBannerViewCell.m */,
				189E8474246071D900D1A332 /* KJBannerViewFlowLayout.h */,
				189E8477246071D900D1A332 /* KJBannerViewFlowLayout.m */,
				189E847B246071D900D1A332 /* KJPageControl.h */,
				189E8475246071D900D1A332 /* KJPageControl.m */,
				189E8479246071D900D1A332 /* KJBannerView.h */,
				189E8476246071D900D1A332 /* KJBannerTool.m */,
				189E8478246071D900D1A332 /* KJLoadImageView.h */,
				189E8473246071D900D1A332 /* KJLoadImageView.m */,
				189E847C246071D900D1A332 /* KJBannerView.bundle */,
			);
			path = KJBannerView;
			sourceTree = "<group>";
		};
		3CB3ED5ACE3D189937EA9E6C /* Pods */ = {
			isa = PBXGroup;
			children = (
				443FC2D3FCCC686AD486D7B8 /* Pods-SoundValley.debug.xcconfig */,
				7015B0EFBFDC08ECDE909BDC /* Pods-SoundValley.release.xcconfig */,
				CD7E53883E4E1BA191E4E5AE /* Pods-SoundValleyTests.debug.xcconfig */,
				92B983165F1E04522EEE0B13 /* Pods-SoundValleyTests.release.xcconfig */,
				2B8D859C696351644D74ED5F /* Pods-SoundValleyUITests.debug.xcconfig */,
				DF3FE1EAD30AA31FFAA4A608 /* Pods-SoundValleyUITests.release.xcconfig */,
			);
			path = Pods;
			sourceTree = "<group>";
		};
		5D74B7BA16B9AE3106DCB9DF /* Frameworks */ = {
			isa = PBXGroup;
			children = (
				6E6418B1FB30C8EFD6DA7E9C /* libPods-SoundValley.a */,
				211F2E2E3E6D00C9B3345081 /* libPods-SoundValleyTests.a */,
				B0164AFA36DA48F50D23F9B3 /* libPods-SoundValleyUITests.a */,
			);
			name = Frameworks;
			sourceTree = "<group>";
		};
/* End PBXGroup section */

/* Begin PBXNativeTarget section */
		18493C2A245BC77000690E92 /* SoundValley */ = {
			isa = PBXNativeTarget;
			buildConfigurationList = 18493C5A245BC77400690E92 /* Build configuration list for PBXNativeTarget "SoundValley" */;
			buildPhases = (
				F325C28C40E72BBE8FD4B4DF /* [CP] Check Pods Manifest.lock */,
				18493C27245BC77000690E92 /* Sources */,
				18493C28245BC77000690E92 /* Frameworks */,
				18493C29245BC77000690E92 /* Resources */,
				73DCA557C665CD11C1F10F6B /* [CP] Copy Pods Resources */,
			);
			buildRules = (
			);
			dependencies = (
			);
			name = SoundValley;
			productName = SoundValley;
			productReference = 18493C2B245BC77000690E92 /* SoundValley.app */;
			productType = "com.apple.product-type.application";
		};
		18493C45245BC77400690E92 /* SoundValleyTests */ = {
			isa = PBXNativeTarget;
			buildConfigurationList = 18493C5D245BC77400690E92 /* Build configuration list for PBXNativeTarget "SoundValleyTests" */;
			buildPhases = (
				9E13AE363CFB95F6A55B0820 /* [CP] Check Pods Manifest.lock */,
				18493C42245BC77400690E92 /* Sources */,
				18493C43245BC77400690E92 /* Frameworks */,
				18493C44245BC77400690E92 /* Resources */,
			);
			buildRules = (
			);
			dependencies = (
				18493C48245BC77400690E92 /* PBXTargetDependency */,
			);
			name = SoundValleyTests;
			productName = SoundValleyTests;
			productReference = 18493C46245BC77400690E92 /* SoundValleyTests.xctest */;
			productType = "com.apple.product-type.bundle.unit-test";
		};
		18493C50245BC77400690E92 /* SoundValleyUITests */ = {
			isa = PBXNativeTarget;
			buildConfigurationList = 18493C60245BC77400690E92 /* Build configuration list for PBXNativeTarget "SoundValleyUITests" */;
			buildPhases = (
				309DF69BB168BA276D0CDBD5 /* [CP] Check Pods Manifest.lock */,
				18493C4D245BC77400690E92 /* Sources */,
				18493C4E245BC77400690E92 /* Frameworks */,
				18493C4F245BC77400690E92 /* Resources */,
			);
			buildRules = (
			);
			dependencies = (
				18493C53245BC77400690E92 /* PBXTargetDependency */,
			);
			name = SoundValleyUITests;
			productName = SoundValleyUITests;
			productReference = 18493C51245BC77400690E92 /* SoundValleyUITests.xctest */;
			productType = "com.apple.product-type.bundle.ui-testing";
		};
/* End PBXNativeTarget section */

/* Begin PBXProject section */
		18493C23245BC77000690E92 /* Project object */ = {
			isa = PBXProject;
			attributes = {
				LastUpgradeCheck = 1140;
				ORGANIZATIONNAME = apple;
				TargetAttributes = {
					18493C2A245BC77000690E92 = {
						CreatedOnToolsVersion = 11.4.1;
					};
					18493C45245BC77400690E92 = {
						CreatedOnToolsVersion = 11.4.1;
						TestTargetID = 18493C2A245BC77000690E92;
					};
					18493C50245BC77400690E92 = {
						CreatedOnToolsVersion = 11.4.1;
						TestTargetID = 18493C2A245BC77000690E92;
					};
				};
			};
			buildConfigurationList = 18493C26245BC77000690E92 /* Build configuration list for PBXProject "SoundValley" */;
			compatibilityVersion = "Xcode 9.3";
			developmentRegion = en;
			hasScannedForEncodings = 0;
			knownRegions = (
				en,
				Base,
			);
			mainGroup = 18493C22245BC77000690E92;
			productRefGroup = 18493C2C245BC77000690E92 /* Products */;
			projectDirPath = "";
			projectRoot = "";
			targets = (
				18493C2A245BC77000690E92 /* SoundValley */,
				18493C45245BC77400690E92 /* SoundValleyTests */,
				18493C50245BC77400690E92 /* SoundValleyUITests */,
			);
		};
/* End PBXProject section */

/* Begin PBXResourcesBuildPhase section */
		18493C29245BC77000690E92 /* Resources */ = {
			isa = PBXResourcesBuildPhase;
			buildActionMask = 2147483647;
			files = (
				18493C75245D201700690E92 /* animation.bundle in Resources */,
				18493C8B2460710900690E92 /* voice.bundle in Resources */,
				18493C3E245BC77400690E92 /* LaunchScreen.storyboard in Resources */,
				189E8487246071D900D1A332 /* LICENSE in Resources */,
				189E8486246071D900D1A332 /* KJBannerView.bundle in Resources */,
				18493C3B245BC77400690E92 /* Assets.xcassets in Resources */,
				189E8488246071D900D1A332 /* README.md in Resources */,
				18493C39245BC77000690E92 /* Main.storyboard in Resources */,
			);
			runOnlyForDeploymentPostprocessing = 0;
		};
		18493C44245BC77400690E92 /* Resources */ = {
			isa = PBXResourcesBuildPhase;
			buildActionMask = 2147483647;
			files = (
			);
			runOnlyForDeploymentPostprocessing = 0;
		};
		18493C4F245BC77400690E92 /* Resources */ = {
			isa = PBXResourcesBuildPhase;
			buildActionMask = 2147483647;
			files = (
			);
			runOnlyForDeploymentPostprocessing = 0;
		};
/* End PBXResourcesBuildPhase section */

/* Begin PBXShellScriptBuildPhase section */
		309DF69BB168BA276D0CDBD5 /* [CP] Check Pods Manifest.lock */ = {
			isa = PBXShellScriptBuildPhase;
			buildActionMask = 2147483647;
			files = (
			);
			inputFileListPaths = (
			);
			inputPaths = (
				"${PODS_PODFILE_DIR_PATH}/Podfile.lock",
				"${PODS_ROOT}/Manifest.lock",
			);
			name = "[CP] Check Pods Manifest.lock";
			outputFileListPaths = (
			);
			outputPaths = (
				"$(DERIVED_FILE_DIR)/Pods-SoundValleyUITests-checkManifestLockResult.txt",
			);
			runOnlyForDeploymentPostprocessing = 0;
			shellPath = /bin/sh;
			shellScript = "diff \"${PODS_PODFILE_DIR_PATH}/Podfile.lock\" \"${PODS_ROOT}/Manifest.lock\" > /dev/null\nif [ $? != 0 ] ; then\n    # print error to STDERR\n    echo \"error: The sandbox is not in sync with the Podfile.lock. Run 'pod install' or update your CocoaPods installation.\" >&2\n    exit 1\nfi\n# This output is used by Xcode 'outputs' to avoid re-running this script phase.\necho \"SUCCESS\" > \"${SCRIPT_OUTPUT_FILE_0}\"\n";
			showEnvVarsInLog = 0;
		};
		73DCA557C665CD11C1F10F6B /* [CP] Copy Pods Resources */ = {
			isa = PBXShellScriptBuildPhase;
			buildActionMask = 2147483647;
			files = (
			);
			inputFileListPaths = (
				"${PODS_ROOT}/Target Support Files/Pods-SoundValley/Pods-SoundValley-resources-${CONFIGURATION}-input-files.xcfilelist",
			);
			name = "[CP] Copy Pods Resources";
			outputFileListPaths = (
				"${PODS_ROOT}/Target Support Files/Pods-SoundValley/Pods-SoundValley-resources-${CONFIGURATION}-output-files.xcfilelist",
			);
			runOnlyForDeploymentPostprocessing = 0;
			shellPath = /bin/sh;
			shellScript = "\"${PODS_ROOT}/Target Support Files/Pods-SoundValley/Pods-SoundValley-resources.sh\"\n";
			showEnvVarsInLog = 0;
		};
		9E13AE363CFB95F6A55B0820 /* [CP] Check Pods Manifest.lock */ = {
			isa = PBXShellScriptBuildPhase;
			buildActionMask = 2147483647;
			files = (
			);
			inputFileListPaths = (
			);
			inputPaths = (
				"${PODS_PODFILE_DIR_PATH}/Podfile.lock",
				"${PODS_ROOT}/Manifest.lock",
			);
			name = "[CP] Check Pods Manifest.lock";
			outputFileListPaths = (
			);
			outputPaths = (
				"$(DERIVED_FILE_DIR)/Pods-SoundValleyTests-checkManifestLockResult.txt",
			);
			runOnlyForDeploymentPostprocessing = 0;
			shellPath = /bin/sh;
			shellScript = "diff \"${PODS_PODFILE_DIR_PATH}/Podfile.lock\" \"${PODS_ROOT}/Manifest.lock\" > /dev/null\nif [ $? != 0 ] ; then\n    # print error to STDERR\n    echo \"error: The sandbox is not in sync with the Podfile.lock. Run 'pod install' or update your CocoaPods installation.\" >&2\n    exit 1\nfi\n# This output is used by Xcode 'outputs' to avoid re-running this script phase.\necho \"SUCCESS\" > \"${SCRIPT_OUTPUT_FILE_0}\"\n";
			showEnvVarsInLog = 0;
		};
		F325C28C40E72BBE8FD4B4DF /* [CP] Check Pods Manifest.lock */ = {
			isa = PBXShellScriptBuildPhase;
			buildActionMask = 2147483647;
			files = (
			);
			inputFileListPaths = (
			);
			inputPaths = (
				"${PODS_PODFILE_DIR_PATH}/Podfile.lock",
				"${PODS_ROOT}/Manifest.lock",
			);
			name = "[CP] Check Pods Manifest.lock";
			outputFileListPaths = (
			);
			outputPaths = (
				"$(DERIVED_FILE_DIR)/Pods-SoundValley-checkManifestLockResult.txt",
			);
			runOnlyForDeploymentPostprocessing = 0;
			shellPath = /bin/sh;
			shellScript = "diff \"${PODS_PODFILE_DIR_PATH}/Podfile.lock\" \"${PODS_ROOT}/Manifest.lock\" > /dev/null\nif [ $? != 0 ] ; then\n    # print error to STDERR\n    echo \"error: The sandbox is not in sync with the Podfile.lock. Run 'pod install' or update your CocoaPods installation.\" >&2\n    exit 1\nfi\n# This output is used by Xcode 'outputs' to avoid re-running this script phase.\necho \"SUCCESS\" > \"${SCRIPT_OUTPUT_FILE_0}\"\n";
			showEnvVarsInLog = 0;
		};
/* End PBXShellScriptBuildPhase section */

/* Begin PBXSourcesBuildPhase section */
		18493C27245BC77000690E92 /* Sources */ = {
			isa = PBXSourcesBuildPhase;
			buildActionMask = 2147483647;
			files = (
				18493C7A245D983500690E92 /* TimerView.m in Sources */,
				185822CE246A782F00974FA4 /* SVNetWorkManager.m in Sources */,
				18493C86245EAFF900690E92 /* PersonerTableViewCell.m in Sources */,
				185822DD246CF64B00974FA4 /* Track.m in Sources */,
				18493C89245EC0A500690E92 /* ShareViewController.m in Sources */,
				189E8482246071D900D1A332 /* KJPageControl.m in Sources */,
				189E8481246071D900D1A332 /* KJLoadImageView.m in Sources */,
				185822B42467D66B00974FA4 /* InitData.m in Sources */,
				185822CB246A74FC00974FA4 /* SVNetWork.m in Sources */,
				185822BE2467F13900974FA4 /* UIImage+ZFFilter.m in Sources */,
				189E8480246071D900D1A332 /* KJBannerView.m in Sources */,
				1849F8E224702C9C00BCB5D4 /* SingleTimer.m in Sources */,
				185822C424695CFF00974FA4 /* WZSwitch.m in Sources */,
				18493C80245E897500690E92 /* SceneListCollectionViewCell.m in Sources */,
				189E8485246071D900D1A332 /* KJBannerViewCell.m in Sources */,
				18493C7D245DB82700690E92 /* SceneListViewController.m in Sources */,
				185822DA246CF03400974FA4 /* SVPlayerManager.m in Sources */,
				18493C30245BC77000690E92 /* AppDelegate.m in Sources */,
				18493C68245BCB2900690E92 /* BaseViewController.m in Sources */,
				185822E0246E612000974FA4 /* PrivacyView.m in Sources */,
				189E84912463FD0800D1A332 /* Tools.m in Sources */,
				189E848E24619D9700D1A332 /* AudioPlayerTool.m in Sources */,
				189E8483246071D900D1A332 /* KJBannerTool.m in Sources */,
				18493C72245BDC3400690E92 /* SVViewController.m in Sources */,
				1849F8E524710D8100BCB5D4 /* WebViewViewController.m in Sources */,
				185822D7246CDF7B00974FA4 /* PQ_TimerManager.m in Sources */,
				18493C41245BC77400690E92 /* main.m in Sources */,
				18493C83245EAA3E00690E92 /* PersonCenterViewController.m in Sources */,
				185822D1246B8A1D00974FA4 /* SVHomeViewController.m in Sources */,
				189E8484246071D900D1A332 /* KJBannerViewFlowLayout.m in Sources */,
				189E848B246076D600D1A332 /* SaveView.m in Sources */,
				185822B12467B80500974FA4 /* ZJSwitch.m in Sources */,
				18E0C9D32474C2AA00DD6E62 /* GuideView.m in Sources */,
			);
			runOnlyForDeploymentPostprocessing = 0;
		};
		18493C42245BC77400690E92 /* Sources */ = {
			isa = PBXSourcesBuildPhase;
			buildActionMask = 2147483647;
			files = (
				18493C4B245BC77400690E92 /* SoundValleyTests.m in Sources */,
			);
			runOnlyForDeploymentPostprocessing = 0;
		};
		18493C4D245BC77400690E92 /* Sources */ = {
			isa = PBXSourcesBuildPhase;
			buildActionMask = 2147483647;
			files = (
				18493C56245BC77400690E92 /* SoundValleyUITests.m in Sources */,
			);
			runOnlyForDeploymentPostprocessing = 0;
		};
/* End PBXSourcesBuildPhase section */

/* Begin PBXTargetDependency section */
		18493C48245BC77400690E92 /* PBXTargetDependency */ = {
			isa = PBXTargetDependency;
			target = 18493C2A245BC77000690E92 /* SoundValley */;
			targetProxy = 18493C47245BC77400690E92 /* PBXContainerItemProxy */;
		};
		18493C53245BC77400690E92 /* PBXTargetDependency */ = {
			isa = PBXTargetDependency;
			target = 18493C2A245BC77000690E92 /* SoundValley */;
			targetProxy = 18493C52245BC77400690E92 /* PBXContainerItemProxy */;
		};
/* End PBXTargetDependency section */

/* Begin PBXVariantGroup section */
		18493C37245BC77000690E92 /* Main.storyboard */ = {
			isa = PBXVariantGroup;
			children = (
				18493C38245BC77000690E92 /* Base */,
			);
			name = Main.storyboard;
			sourceTree = "<group>";
		};
		18493C3C245BC77400690E92 /* LaunchScreen.storyboard */ = {
			isa = PBXVariantGroup;
			children = (
				18493C3D245BC77400690E92 /* Base */,
			);
			name = LaunchScreen.storyboard;
			sourceTree = "<group>";
		};
/* End PBXVariantGroup section */

/* Begin XCBuildConfiguration section */
		18493C58245BC77400690E92 /* Debug */ = {
			isa = XCBuildConfiguration;
			buildSettings = {
				ALWAYS_SEARCH_USER_PATHS = NO;
				CLANG_ANALYZER_NONNULL = YES;
				CLANG_ANALYZER_NUMBER_OBJECT_CONVERSION = YES_AGGRESSIVE;
				CLANG_CXX_LANGUAGE_STANDARD = "gnu++14";
				CLANG_CXX_LIBRARY = "libc++";
				CLANG_ENABLE_MODULES = YES;
				CLANG_ENABLE_OBJC_ARC = YES;
				CLANG_ENABLE_OBJC_WEAK = YES;
				CLANG_WARN_BLOCK_CAPTURE_AUTORELEASING = YES;
				CLANG_WARN_BOOL_CONVERSION = YES;
				CLANG_WARN_COMMA = YES;
				CLANG_WARN_CONSTANT_CONVERSION = YES;
				CLANG_WARN_DEPRECATED_OBJC_IMPLEMENTATIONS = YES;
				CLANG_WARN_DIRECT_OBJC_ISA_USAGE = YES_ERROR;
				CLANG_WARN_DOCUMENTATION_COMMENTS = YES;
				CLANG_WARN_EMPTY_BODY = YES;
				CLANG_WARN_ENUM_CONVERSION = YES;
				CLANG_WARN_INFINITE_RECURSION = YES;
				CLANG_WARN_INT_CONVERSION = YES;
				CLANG_WARN_NON_LITERAL_NULL_CONVERSION = YES;
				CLANG_WARN_OBJC_IMPLICIT_RETAIN_SELF = YES;
				CLANG_WARN_OBJC_LITERAL_CONVERSION = YES;
				CLANG_WARN_OBJC_ROOT_CLASS = YES_ERROR;
				CLANG_WARN_RANGE_LOOP_ANALYSIS = YES;
				CLANG_WARN_STRICT_PROTOTYPES = YES;
				CLANG_WARN_SUSPICIOUS_MOVE = YES;
				CLANG_WARN_UNGUARDED_AVAILABILITY = YES_AGGRESSIVE;
				CLANG_WARN_UNREACHABLE_CODE = YES;
				CLANG_WARN__DUPLICATE_METHOD_MATCH = YES;
				COPY_PHASE_STRIP = NO;
				DEBUG_INFORMATION_FORMAT = dwarf;
				ENABLE_STRICT_OBJC_MSGSEND = YES;
				ENABLE_TESTABILITY = YES;
				GCC_C_LANGUAGE_STANDARD = gnu11;
				GCC_DYNAMIC_NO_PIC = NO;
				GCC_NO_COMMON_BLOCKS = YES;
				GCC_OPTIMIZATION_LEVEL = 0;
				GCC_PREPROCESSOR_DEFINITIONS = (
					"DEBUG=1",
					"$(inherited)",
				);
				GCC_WARN_64_TO_32_BIT_CONVERSION = YES;
				GCC_WARN_ABOUT_RETURN_TYPE = YES_ERROR;
				GCC_WARN_UNDECLARED_SELECTOR = YES;
				GCC_WARN_UNINITIALIZED_AUTOS = YES_AGGRESSIVE;
				GCC_WARN_UNUSED_FUNCTION = YES;
				GCC_WARN_UNUSED_VARIABLE = YES;
				IPHONEOS_DEPLOYMENT_TARGET = 13.4;
				MTL_ENABLE_DEBUG_INFO = INCLUDE_SOURCE;
				MTL_FAST_MATH = YES;
				ONLY_ACTIVE_ARCH = YES;
				SDKROOT = iphoneos;
			};
			name = Debug;
		};
		18493C59245BC77400690E92 /* Release */ = {
			isa = XCBuildConfiguration;
			buildSettings = {
				ALWAYS_SEARCH_USER_PATHS = NO;
				CLANG_ANALYZER_NONNULL = YES;
				CLANG_ANALYZER_NUMBER_OBJECT_CONVERSION = YES_AGGRESSIVE;
				CLANG_CXX_LANGUAGE_STANDARD = "gnu++14";
				CLANG_CXX_LIBRARY = "libc++";
				CLANG_ENABLE_MODULES = YES;
				CLANG_ENABLE_OBJC_ARC = YES;
				CLANG_ENABLE_OBJC_WEAK = YES;
				CLANG_WARN_BLOCK_CAPTURE_AUTORELEASING = YES;
				CLANG_WARN_BOOL_CONVERSION = YES;
				CLANG_WARN_COMMA = YES;
				CLANG_WARN_CONSTANT_CONVERSION = YES;
				CLANG_WARN_DEPRECATED_OBJC_IMPLEMENTATIONS = YES;
				CLANG_WARN_DIRECT_OBJC_ISA_USAGE = YES_ERROR;
				CLANG_WARN_DOCUMENTATION_COMMENTS = YES;
				CLANG_WARN_EMPTY_BODY = YES;
				CLANG_WARN_ENUM_CONVERSION = YES;
				CLANG_WARN_INFINITE_RECURSION = YES;
				CLANG_WARN_INT_CONVERSION = YES;
				CLANG_WARN_NON_LITERAL_NULL_CONVERSION = YES;
				CLANG_WARN_OBJC_IMPLICIT_RETAIN_SELF = YES;
				CLANG_WARN_OBJC_LITERAL_CONVERSION = YES;
				CLANG_WARN_OBJC_ROOT_CLASS = YES_ERROR;
				CLANG_WARN_RANGE_LOOP_ANALYSIS = YES;
				CLANG_WARN_STRICT_PROTOTYPES = YES;
				CLANG_WARN_SUSPICIOUS_MOVE = YES;
				CLANG_WARN_UNGUARDED_AVAILABILITY = YES_AGGRESSIVE;
				CLANG_WARN_UNREACHABLE_CODE = YES;
				CLANG_WARN__DUPLICATE_METHOD_MATCH = YES;
				COPY_PHASE_STRIP = NO;
				DEBUG_INFORMATION_FORMAT = "dwarf-with-dsym";
				ENABLE_NS_ASSERTIONS = NO;
				ENABLE_STRICT_OBJC_MSGSEND = YES;
				GCC_C_LANGUAGE_STANDARD = gnu11;
				GCC_NO_COMMON_BLOCKS = YES;
				GCC_WARN_64_TO_32_BIT_CONVERSION = YES;
				GCC_WARN_ABOUT_RETURN_TYPE = YES_ERROR;
				GCC_WARN_UNDECLARED_SELECTOR = YES;
				GCC_WARN_UNINITIALIZED_AUTOS = YES_AGGRESSIVE;
				GCC_WARN_UNUSED_FUNCTION = YES;
				GCC_WARN_UNUSED_VARIABLE = YES;
				IPHONEOS_DEPLOYMENT_TARGET = 13.4;
				MTL_ENABLE_DEBUG_INFO = NO;
				MTL_FAST_MATH = YES;
				SDKROOT = iphoneos;
				VALIDATE_PRODUCT = YES;
			};
			name = Release;
		};
		18493C5B245BC77400690E92 /* Debug */ = {
			isa = XCBuildConfiguration;
			baseConfigurationReference = 443FC2D3FCCC686AD486D7B8 /* Pods-SoundValley.debug.xcconfig */;
			buildSettings = {
				ASSETCATALOG_COMPILER_APPICON_NAME = AppIcon;
				ASSETCATALOG_COMPILER_LAUNCHIMAGE_NAME = LaunchImage;
				CODE_SIGN_IDENTITY = "Apple Development";
				CODE_SIGN_STYLE = Automatic;
				CURRENT_PROJECT_VERSION = 12;
				DEVELOPMENT_TEAM = JC4D4QGWWG;
				GCC_PREFIX_HEADER = "$(SRCROOT)/SoundValley/PrefixHeader.pch";
				INFOPLIST_FILE = SoundValley/Info.plist;
				IPHONEOS_DEPLOYMENT_TARGET = 11.0;
				LD_RUNPATH_SEARCH_PATHS = (
					"$(inherited)",
					"@executable_path/Frameworks",
				);
				MACOSX_DEPLOYMENT_TARGET = 10.6;
				MARKETING_VERSION = 1.0.4;
				PRODUCT_BUNDLE_IDENTIFIER = com.SoundValley.goodsound;
				PRODUCT_NAME = "$(TARGET_NAME)";
				PROVISIONING_PROFILE_SPECIFIER = "";
				SUPPORTED_PLATFORMS = "iphonesimulator iphoneos";
				TARGETED_DEVICE_FAMILY = 1;
			};
			name = Debug;
		};
		18493C5C245BC77400690E92 /* Release */ = {
			isa = XCBuildConfiguration;
			baseConfigurationReference = 7015B0EFBFDC08ECDE909BDC /* Pods-SoundValley.release.xcconfig */;
			buildSettings = {
				ASSETCATALOG_COMPILER_APPICON_NAME = AppIcon;
				ASSETCATALOG_COMPILER_LAUNCHIMAGE_NAME = LaunchImage;
				CODE_SIGN_IDENTITY = "Apple Development";
				CODE_SIGN_STYLE = Automatic;
				CURRENT_PROJECT_VERSION = 12;
				DEVELOPMENT_TEAM = JC4D4QGWWG;
				GCC_PREFIX_HEADER = "$(SRCROOT)/SoundValley/PrefixHeader.pch";
				INFOPLIST_FILE = SoundValley/Info.plist;
				IPHONEOS_DEPLOYMENT_TARGET = 11.0;
				LD_RUNPATH_SEARCH_PATHS = (
					"$(inherited)",
					"@executable_path/Frameworks",
				);
				MACOSX_DEPLOYMENT_TARGET = 10.6;
				MARKETING_VERSION = 1.0.4;
				PRODUCT_BUNDLE_IDENTIFIER = com.SoundValley.goodsound;
				PRODUCT_NAME = "$(TARGET_NAME)";
				PROVISIONING_PROFILE_SPECIFIER = "";
				SUPPORTED_PLATFORMS = "iphonesimulator iphoneos";
				TARGETED_DEVICE_FAMILY = 1;
			};
			name = Release;
		};
		18493C5E245BC77400690E92 /* Debug */ = {
			isa = XCBuildConfiguration;
			baseConfigurationReference = CD7E53883E4E1BA191E4E5AE /* Pods-SoundValleyTests.debug.xcconfig */;
			buildSettings = {
				BUNDLE_LOADER = "$(TEST_HOST)";
				CODE_SIGN_STYLE = Automatic;
				INFOPLIST_FILE = SoundValleyTests/Info.plist;
				IPHONEOS_DEPLOYMENT_TARGET = 13.4;
				LD_RUNPATH_SEARCH_PATHS = (
					"$(inherited)",
					"@executable_path/Frameworks",
					"@loader_path/Frameworks",
				);
				PRODUCT_BUNDLE_IDENTIFIER = Alibaba.SoundValleyTests;
				PRODUCT_NAME = "$(TARGET_NAME)";
				TARGETED_DEVICE_FAMILY = "1,2";
				TEST_HOST = "$(BUILT_PRODUCTS_DIR)/SoundValley.app/SoundValley";
			};
			name = Debug;
		};
		18493C5F245BC77400690E92 /* Release */ = {
			isa = XCBuildConfiguration;
			baseConfigurationReference = 92B983165F1E04522EEE0B13 /* Pods-SoundValleyTests.release.xcconfig */;
			buildSettings = {
				BUNDLE_LOADER = "$(TEST_HOST)";
				CODE_SIGN_STYLE = Automatic;
				INFOPLIST_FILE = SoundValleyTests/Info.plist;
				IPHONEOS_DEPLOYMENT_TARGET = 13.4;
				LD_RUNPATH_SEARCH_PATHS = (
					"$(inherited)",
					"@executable_path/Frameworks",
					"@loader_path/Frameworks",
				);
				PRODUCT_BUNDLE_IDENTIFIER = Alibaba.SoundValleyTests;
				PRODUCT_NAME = "$(TARGET_NAME)";
				TARGETED_DEVICE_FAMILY = "1,2";
				TEST_HOST = "$(BUILT_PRODUCTS_DIR)/SoundValley.app/SoundValley";
			};
			name = Release;
		};
		18493C61245BC77400690E92 /* Debug */ = {
			isa = XCBuildConfiguration;
			baseConfigurationReference = 2B8D859C696351644D74ED5F /* Pods-SoundValleyUITests.debug.xcconfig */;
			buildSettings = {
				CODE_SIGN_STYLE = Automatic;
				INFOPLIST_FILE = SoundValleyUITests/Info.plist;
				LD_RUNPATH_SEARCH_PATHS = (
					"$(inherited)",
					"@executable_path/Frameworks",
					"@loader_path/Frameworks",
				);
				PRODUCT_BUNDLE_IDENTIFIER = Alibaba.SoundValleyUITests;
				PRODUCT_NAME = "$(TARGET_NAME)";
				TARGETED_DEVICE_FAMILY = "1,2";
				TEST_TARGET_NAME = SoundValley;
			};
			name = Debug;
		};
		18493C62245BC77400690E92 /* Release */ = {
			isa = XCBuildConfiguration;
			baseConfigurationReference = DF3FE1EAD30AA31FFAA4A608 /* Pods-SoundValleyUITests.release.xcconfig */;
			buildSettings = {
				CODE_SIGN_STYLE = Automatic;
				INFOPLIST_FILE = SoundValleyUITests/Info.plist;
				LD_RUNPATH_SEARCH_PATHS = (
					"$(inherited)",
					"@executable_path/Frameworks",
					"@loader_path/Frameworks",
				);
				PRODUCT_BUNDLE_IDENTIFIER = Alibaba.SoundValleyUITests;
				PRODUCT_NAME = "$(TARGET_NAME)";
				TARGETED_DEVICE_FAMILY = "1,2";
				TEST_TARGET_NAME = SoundValley;
			};
			name = Release;
		};
/* End XCBuildConfiguration section */

/* Begin XCConfigurationList section */
		18493C26245BC77000690E92 /* Build configuration list for PBXProject "SoundValley" */ = {
			isa = XCConfigurationList;
			buildConfigurations = (
				18493C58245BC77400690E92 /* Debug */,
				18493C59245BC77400690E92 /* Release */,
			);
			defaultConfigurationIsVisible = 0;
			defaultConfigurationName = Release;
		};
		18493C5A245BC77400690E92 /* Build configuration list for PBXNativeTarget "SoundValley" */ = {
			isa = XCConfigurationList;
			buildConfigurations = (
				18493C5B245BC77400690E92 /* Debug */,
				18493C5C245BC77400690E92 /* Release */,
			);
			defaultConfigurationIsVisible = 0;
			defaultConfigurationName = Release;
		};
		18493C5D245BC77400690E92 /* Build configuration list for PBXNativeTarget "SoundValleyTests" */ = {
			isa = XCConfigurationList;
			buildConfigurations = (
				18493C5E245BC77400690E92 /* Debug */,
				18493C5F245BC77400690E92 /* Release */,
			);
			defaultConfigurationIsVisible = 0;
			defaultConfigurationName = Release;
		};
		18493C60245BC77400690E92 /* Build configuration list for PBXNativeTarget "SoundValleyUITests" */ = {
			isa = XCConfigurationList;
			buildConfigurations = (
				18493C61245BC77400690E92 /* Debug */,
				18493C62245BC77400690E92 /* Release */,
			);
			defaultConfigurationIsVisible = 0;
			defaultConfigurationName = Release;
		};
/* End XCConfigurationList section */
	};
	rootObject = 18493C23245BC77000690E92 /* Project object */;
}
